// !$*UTF8*$!
{
	archiveVersion = 1;
	classes = {
	};
	objectVersion = 56;
	objects = {

/* Begin PBXBuildFile section */
		332BF0407DE6582D163F24FE /* Pods_iOS_Application_Task.framework in Frameworks */ = {isa = PBXBuildFile; fileRef = 2FC9BBAC3C25FC9B6391C250 /* Pods_iOS_Application_Task.framework */; };
		FA0107922D07B6900089023F /* HomeDetailsViewController.xib in Resources */ = {isa = PBXBuildFile; fileRef = FA0107912D07B6900089023F /* HomeDetailsViewController.xib */; };
		FA0107932D07B6900089023F /* HomeDetailsViewController.swift in Sources */ = {isa = PBXBuildFile; fileRef = FA0107902D07B6900089023F /* HomeDetailsViewController.swift */; };
		FA0107952D07DA150089023F /* HomeDetailsViewController+CollectionView+EX.swift in Sources */ = {isa = PBXBuildFile; fileRef = FA0107942D07DA150089023F /* HomeDetailsViewController+CollectionView+EX.swift */; };
		FA0107982D07DE690089023F /* SizeCell.xib in Resources */ = {isa = PBXBuildFile; fileRef = FA0107972D07DE690089023F /* SizeCell.xib */; };
		FA0107992D07DE690089023F /* SizeCell.swift in Sources */ = {isa = PBXBuildFile; fileRef = FA0107962D07DE690089023F /* SizeCell.swift */; };
		FAB372202D065C9E0090B1F5 /* AppDelegate.swift in Sources */ = {isa = PBXBuildFile; fileRef = FAB3721F2D065C9E0090B1F5 /* AppDelegate.swift */; };
		FAB372222D065C9E0090B1F5 /* SceneDelegate.swift in Sources */ = {isa = PBXBuildFile; fileRef = FAB372212D065C9E0090B1F5 /* SceneDelegate.swift */; };
		FAB372242D065C9E0090B1F5 /* ViewController.swift in Sources */ = {isa = PBXBuildFile; fileRef = FAB372232D065C9E0090B1F5 /* ViewController.swift */; };
		FAB372272D065C9E0090B1F5 /* Base in Resources */ = {isa = PBXBuildFile; fileRef = FAB372262D065C9E0090B1F5 /* Base */; };
		FAB372292D065C9F0090B1F5 /* Assets.xcassets in Resources */ = {isa = PBXBuildFile; fileRef = FAB372282D065C9F0090B1F5 /* Assets.xcassets */; };
		FAB3722C2D065C9F0090B1F5 /* Base in Resources */ = {isa = PBXBuildFile; fileRef = FAB3722B2D065C9F0090B1F5 /* Base */; };
		FAB372412D065E440090B1F5 /* URLs.swift in Sources */ = {isa = PBXBuildFile; fileRef = FAB372402D065E440090B1F5 /* URLs.swift */; };
		FAB372442D06635B0090B1F5 /* ProductsCell.xib in Resources */ = {isa = PBXBuildFile; fileRef = FAB372432D06635B0090B1F5 /* ProductsCell.xib */; };
		FAB372452D06635B0090B1F5 /* ProductsCell.swift in Sources */ = {isa = PBXBuildFile; fileRef = FAB372422D06635B0090B1F5 /* ProductsCell.swift */; };
		FAB372472D0668FB0090B1F5 /* ViewController+CollectionView+EX.swift in Sources */ = {isa = PBXBuildFile; fileRef = FAB372462D0668FB0090B1F5 /* ViewController+CollectionView+EX.swift */; };
		FAB372492D066B140090B1F5 /* ProductsModel.swift in Sources */ = {isa = PBXBuildFile; fileRef = FAB372482D066B140090B1F5 /* ProductsModel.swift */; };
		FAB3724B2D066F200090B1F5 /* ProductsRequest.swift in Sources */ = {isa = PBXBuildFile; fileRef = FAB3724A2D066F200090B1F5 /* ProductsRequest.swift */; };
		FAB3724D2D0672530090B1F5 /* DataStatsProductsViewModel.swift in Sources */ = {isa = PBXBuildFile; fileRef = FAB3724C2D0672530090B1F5 /* DataStatsProductsViewModel.swift */; };
		FAB3724F2D0675A20090B1F5 /* ProductsViewModel.swift in Sources */ = {isa = PBXBuildFile; fileRef = FAB3724E2D0675A20090B1F5 /* ProductsViewModel.swift */; };
		FAB372522D0683CF0090B1F5 /* UIImageView.swift in Sources */ = {isa = PBXBuildFile; fileRef = FAB372512D0683CF0090B1F5 /* UIImageView.swift */; };
/* End PBXBuildFile section */

/* Begin PBXFileReference section */
		19DDDD4307E0E99561BFD28D /* Pods-iOS Application Task.debug.xcconfig */ = {isa = PBXFileReference; includeInIndex = 1; lastKnownFileType = text.xcconfig; name = "Pods-iOS Application Task.debug.xcconfig"; path = "Target Support Files/Pods-iOS Application Task/Pods-iOS Application Task.debug.xcconfig"; sourceTree = "<group>"; };
		2FC9BBAC3C25FC9B6391C250 /* Pods_iOS_Application_Task.framework */ = {isa = PBXFileReference; explicitFileType = wrapper.framework; includeInIndex = 0; path = Pods_iOS_Application_Task.framework; sourceTree = BUILT_PRODUCTS_DIR; };
		37ED22A01F1AE235FDA54278 /* Pods-iOS Application Task.release.xcconfig */ = {isa = PBXFileReference; includeInIndex = 1; lastKnownFileType = text.xcconfig; name = "Pods-iOS Application Task.release.xcconfig"; path = "Target Support Files/Pods-iOS Application Task/Pods-iOS Application Task.release.xcconfig"; sourceTree = "<group>"; };
		FA0107902D07B6900089023F /* HomeDetailsViewController.swift */ = {isa = PBXFileReference; lastKnownFileType = sourcecode.swift; path = HomeDetailsViewController.swift; sourceTree = "<group>"; };
		FA0107912D07B6900089023F /* HomeDetailsViewController.xib */ = {isa = PBXFileReference; lastKnownFileType = file.xib; path = HomeDetailsViewController.xib; sourceTree = "<group>"; };
		FA0107942D07DA150089023F /* HomeDetailsViewController+CollectionView+EX.swift */ = {isa = PBXFileReference; lastKnownFileType = sourcecode.swift; path = "HomeDetailsViewController+CollectionView+EX.swift"; sourceTree = "<group>"; };
		FA0107962D07DE690089023F /* SizeCell.swift */ = {isa = PBXFileReference; lastKnownFileType = sourcecode.swift; path = SizeCell.swift; sourceTree = "<group>"; };
		FA0107972D07DE690089023F /* SizeCell.xib */ = {isa = PBXFileReference; lastKnownFileType = file.xib; path = SizeCell.xib; sourceTree = "<group>"; };
		FAB3721C2D065C9E0090B1F5 /* iOS Application Task.app */ = {isa = PBXFileReference; explicitFileType = wrapper.application; includeInIndex = 0; path = "iOS Application Task.app"; sourceTree = BUILT_PRODUCTS_DIR; };
		FAB3721F2D065C9E0090B1F5 /* AppDelegate.swift */ = {isa = PBXFileReference; lastKnownFileType = sourcecode.swift; path = AppDelegate.swift; sourceTree = "<group>"; };
		FAB372212D065C9E0090B1F5 /* SceneDelegate.swift */ = {isa = PBXFileReference; lastKnownFileType = sourcecode.swift; path = SceneDelegate.swift; sourceTree = "<group>"; };
		FAB372232D065C9E0090B1F5 /* ViewController.swift */ = {isa = PBXFileReference; lastKnownFileType = sourcecode.swift; path = ViewController.swift; sourceTree = "<group>"; };
		FAB372262D065C9E0090B1F5 /* Base */ = {isa = PBXFileReference; lastKnownFileType = file.storyboard; name = Base; path = Base.lproj/Main.storyboard; sourceTree = "<group>"; };
		FAB372282D065C9F0090B1F5 /* Assets.xcassets */ = {isa = PBXFileReference; lastKnownFileType = folder.assetcatalog; path = Assets.xcassets; sourceTree = "<group>"; };
		FAB3722B2D065C9F0090B1F5 /* Base */ = {isa = PBXFileReference; lastKnownFileType = file.storyboard; name = Base; path = Base.lproj/LaunchScreen.storyboard; sourceTree = "<group>"; };
		FAB3722D2D065C9F0090B1F5 /* Info.plist */ = {isa = PBXFileReference; lastKnownFileType = text.plist.xml; path = Info.plist; sourceTree = "<group>"; };
		FAB372402D065E440090B1F5 /* URLs.swift */ = {isa = PBXFileReference; lastKnownFileType = sourcecode.swift; path = URLs.swift; sourceTree = "<group>"; };
		FAB372422D06635B0090B1F5 /* ProductsCell.swift */ = {isa = PBXFileReference; lastKnownFileType = sourcecode.swift; path = ProductsCell.swift; sourceTree = "<group>"; };
		FAB372432D06635B0090B1F5 /* ProductsCell.xib */ = {isa = PBXFileReference; lastKnownFileType = file.xib; path = ProductsCell.xib; sourceTree = "<group>"; };
		FAB372462D0668FB0090B1F5 /* ViewController+CollectionView+EX.swift */ = {isa = PBXFileReference; lastKnownFileType = sourcecode.swift; path = "ViewController+CollectionView+EX.swift"; sourceTree = "<group>"; };
		FAB372482D066B140090B1F5 /* ProductsModel.swift */ = {isa = PBXFileReference; lastKnownFileType = sourcecode.swift; path = ProductsModel.swift; sourceTree = "<group>"; };
		FAB3724A2D066F200090B1F5 /* ProductsRequest.swift */ = {isa = PBXFileReference; lastKnownFileType = sourcecode.swift; path = ProductsRequest.swift; sourceTree = "<group>"; };
		FAB3724C2D0672530090B1F5 /* DataStatsProductsViewModel.swift */ = {isa = PBXFileReference; lastKnownFileType = sourcecode.swift; path = DataStatsProductsViewModel.swift; sourceTree = "<group>"; };
		FAB3724E2D0675A20090B1F5 /* ProductsViewModel.swift */ = {isa = PBXFileReference; lastKnownFileType = sourcecode.swift; path = ProductsViewModel.swift; sourceTree = "<group>"; };
		FAB372512D0683CF0090B1F5 /* UIImageView.swift */ = {isa = PBXFileReference; lastKnownFileType = sourcecode.swift; path = UIImageView.swift; sourceTree = "<group>"; };
/* End PBXFileReference section */

/* Begin PBXFrameworksBuildPhase section */
		FAB372192D065C9E0090B1F5 /* Frameworks */ = {
			isa = PBXFrameworksBuildPhase;
			buildActionMask = 2147483647;
			files = (
				332BF0407DE6582D163F24FE /* Pods_iOS_Application_Task.framework in Frameworks */,
			);
			runOnlyForDeploymentPostprocessing = 0;
		};
/* End PBXFrameworksBuildPhase section */

/* Begin PBXGroup section */
		215E5C2A277AB37198E411F6 /* Pods */ = {
			isa = PBXGroup;
			children = (
				19DDDD4307E0E99561BFD28D /* Pods-iOS Application Task.debug.xcconfig */,
				37ED22A01F1AE235FDA54278 /* Pods-iOS Application Task.release.xcconfig */,
			);
			path = Pods;
			sourceTree = "<group>";
		};
		6FDA6F2A58DFA375D3D17B9D /* Frameworks */ = {
			isa = PBXGroup;
			children = (
				2FC9BBAC3C25FC9B6391C250 /* Pods_iOS_Application_Task.framework */,
			);
			name = Frameworks;
			sourceTree = "<group>";
		};
		FA01078E2D07B5D90089023F /* Home */ = {
			isa = PBXGroup;
			children = (
				FAB372232D065C9E0090B1F5 /* ViewController.swift */,
				FAB372462D0668FB0090B1F5 /* ViewController+CollectionView+EX.swift */,
				FAB372252D065C9E0090B1F5 /* Main.storyboard */,
			);
			path = Home;
			sourceTree = "<group>";
		};
		FA01078F2D07B5FC0089023F /* Home details */ = {
			isa = PBXGroup;
			children = (
				FA0107902D07B6900089023F /* HomeDetailsViewController.swift */,
				FA0107912D07B6900089023F /* HomeDetailsViewController.xib */,
				FA0107942D07DA150089023F /* HomeDetailsViewController+CollectionView+EX.swift */,
			);
			path = "Home details";
			sourceTree = "<group>";
		};
		FAB372132D065C9E0090B1F5 = {
			isa = PBXGroup;
			children = (
				FAB3721E2D065C9E0090B1F5 /* iOS Application Task */,
				FAB3721D2D065C9E0090B1F5 /* Products */,
				215E5C2A277AB37198E411F6 /* Pods */,
				6FDA6F2A58DFA375D3D17B9D /* Frameworks */,
			);
			sourceTree = "<group>";
		};
		FAB3721D2D065C9E0090B1F5 /* Products */ = {
			isa = PBXGroup;
			children = (
				FAB3721C2D065C9E0090B1F5 /* iOS Application Task.app */,
			);
			name = Products;
			sourceTree = "<group>";
		};
		FAB3721E2D065C9E0090B1F5 /* iOS Application Task */ = {
			isa = PBXGroup;
			children = (
				FAB372342D065D170090B1F5 /* Startup */,
				FAB372352D065D1A0090B1F5 /* Resources */,
				FAB372332D065D150090B1F5 /* Source */,
				FAB3722D2D065C9F0090B1F5 /* Info.plist */,
			);
			path = "iOS Application Task";
			sourceTree = "<group>";
		};
		FAB372332D065D150090B1F5 /* Source */ = {
			isa = PBXGroup;
			children = (
				FAB372372D065D750090B1F5 /* Utilities */,
				FAB372362D065D730090B1F5 /* Modules */,
			);
			path = Source;
			sourceTree = "<group>";
		};
		FAB372342D065D170090B1F5 /* Startup */ = {
			isa = PBXGroup;
			children = (
				FAB3721F2D065C9E0090B1F5 /* AppDelegate.swift */,
				FAB372212D065C9E0090B1F5 /* SceneDelegate.swift */,
			);
			path = Startup;
			sourceTree = "<group>";
		};
		FAB372352D065D1A0090B1F5 /* Resources */ = {
			isa = PBXGroup;
			children = (
				FAB372282D065C9F0090B1F5 /* Assets.xcassets */,
				FAB3722A2D065C9F0090B1F5 /* LaunchScreen.storyboard */,
			);
			path = Resources;
			sourceTree = "<group>";
		};
		FAB372362D065D730090B1F5 /* Modules */ = {
			isa = PBXGroup;
			children = (
				FAB372392D065DAB0090B1F5 /* Home */,
			);
			path = Modules;
			sourceTree = "<group>";
		};
		FAB372372D065D750090B1F5 /* Utilities */ = {
			isa = PBXGroup;
			children = (
				FAB372502D0683BD0090B1F5 /* Extension */,
				FAB372382D065D990090B1F5 /* Netwoerk */,
			);
			path = Utilities;
			sourceTree = "<group>";
		};
		FAB372382D065D990090B1F5 /* Netwoerk */ = {
			isa = PBXGroup;
			children = (
				FAB372402D065E440090B1F5 /* URLs.swift */,
			);
			path = Netwoerk;
			sourceTree = "<group>";
		};
		FAB372392D065DAB0090B1F5 /* Home */ = {
			isa = PBXGroup;
			children = (
				FAB3723D2D065DD00090B1F5 /* ViewModel */,
				FAB3723C2D065DC90090B1F5 /* View */,
				FAB3723B2D065DC00090B1F5 /* Model */,
				FAB3723A2D065DB90090B1F5 /* Request */,
			);
			path = Home;
			sourceTree = "<group>";
		};
		FAB3723A2D065DB90090B1F5 /* Request */ = {
			isa = PBXGroup;
			children = (
				FAB3724A2D066F200090B1F5 /* ProductsRequest.swift */,
			);
			path = Request;
			sourceTree = "<group>";
		};
		FAB3723B2D065DC00090B1F5 /* Model */ = {
			isa = PBXGroup;
			children = (
				FAB372482D066B140090B1F5 /* ProductsModel.swift */,
			);
			path = Model;
			sourceTree = "<group>";
		};
		FAB3723C2D065DC90090B1F5 /* View */ = {
			isa = PBXGroup;
			children = (
				FAB3723E2D065DEC0090B1F5 /* Controller */,
				FAB3723F2D065DF40090B1F5 /* Cells */,
			);
			path = View;
			sourceTree = "<group>";
		};
		FAB3723D2D065DD00090B1F5 /* ViewModel */ = {
			isa = PBXGroup;
			children = (
				FAB3724E2D0675A20090B1F5 /* ProductsViewModel.swift */,
				FAB3724C2D0672530090B1F5 /* DataStatsProductsViewModel.swift */,
			);
			path = ViewModel;
			sourceTree = "<group>";
		};
		FAB3723E2D065DEC0090B1F5 /* Controller */ = {
			isa = PBXGroup;
			children = (
				FA01078E2D07B5D90089023F /* Home */,
				FA01078F2D07B5FC0089023F /* Home details */,
			);
			path = Controller;
			sourceTree = "<group>";
		};
		FAB3723F2D065DF40090B1F5 /* Cells */ = {
			isa = PBXGroup;
			children = (
				FAB372422D06635B0090B1F5 /* ProductsCell.swift */,
				FAB372432D06635B0090B1F5 /* ProductsCell.xib */,
				FA0107962D07DE690089023F /* SizeCell.swift */,
				FA0107972D07DE690089023F /* SizeCell.xib */,
			);
			path = Cells;
			sourceTree = "<group>";
		};
		FAB372502D0683BD0090B1F5 /* Extension */ = {
			isa = PBXGroup;
			children = (
				FAB372512D0683CF0090B1F5 /* UIImageView.swift */,
			);
			path = Extension;
			sourceTree = "<group>";
		};
/* End PBXGroup section */

/* Begin PBXNativeTarget section */
		FAB3721B2D065C9E0090B1F5 /* iOS Application Task */ = {
			isa = PBXNativeTarget;
			buildConfigurationList = FAB372302D065C9F0090B1F5 /* Build configuration list for PBXNativeTarget "iOS Application Task" */;
			buildPhases = (
				1FFD56E5BB68B88704391C20 /* [CP] Check Pods Manifest.lock */,
				FAB372182D065C9E0090B1F5 /* Sources */,
				FAB372192D065C9E0090B1F5 /* Frameworks */,
				FAB3721A2D065C9E0090B1F5 /* Resources */,
				1025E0E91CFE680CE4EEBA59 /* [CP] Embed Pods Frameworks */,
			);
			buildRules = (
			);
			dependencies = (
			);
			name = "iOS Application Task";
			productName = "iOS Application Task";
			productReference = FAB3721C2D065C9E0090B1F5 /* iOS Application Task.app */;
			productType = "com.apple.product-type.application";
		};
/* End PBXNativeTarget section */

/* Begin PBXProject section */
		FAB372142D065C9E0090B1F5 /* Project object */ = {
			isa = PBXProject;
			attributes = {
				BuildIndependentTargetsInParallel = 1;
				LastSwiftUpdateCheck = 1540;
				LastUpgradeCheck = 1540;
				TargetAttributes = {
					FAB3721B2D065C9E0090B1F5 = {
						CreatedOnToolsVersion = 15.4;
					};
				};
			};
			buildConfigurationList = FAB372172D065C9E0090B1F5 /* Build configuration list for PBXProject "iOS Application Task" */;
			compatibilityVersion = "Xcode 14.0";
			developmentRegion = en;
			hasScannedForEncodings = 0;
			knownRegions = (
				en,
				Base,
			);
			mainGroup = FAB372132D065C9E0090B1F5;
			productRefGroup = FAB3721D2D065C9E0090B1F5 /* Products */;
			projectDirPath = "";
			projectRoot = "";
			targets = (
				FAB3721B2D065C9E0090B1F5 /* iOS Application Task */,
			);
		};
/* End PBXProject section */

/* Begin PBXResourcesBuildPhase section */
		FAB3721A2D065C9E0090B1F5 /* Resources */ = {
			isa = PBXResourcesBuildPhase;
			buildActionMask = 2147483647;
			files = (
				FAB372292D065C9F0090B1F5 /* Assets.xcassets in Resources */,
				FAB372442D06635B0090B1F5 /* ProductsCell.xib in Resources */,
				FAB3722C2D065C9F0090B1F5 /* Base in Resources */,
				FA0107922D07B6900089023F /* HomeDetailsViewController.xib in Resources */,
				FA0107982D07DE690089023F /* SizeCell.xib in Resources */,
				FAB372272D065C9E0090B1F5 /* Base in Resources */,
			);
			runOnlyForDeploymentPostprocessing = 0;
		};
/* End PBXResourcesBuildPhase section */

/* Begin PBXShellScriptBuildPhase section */
		1025E0E91CFE680CE4EEBA59 /* [CP] Embed Pods Frameworks */ = {
			isa = PBXShellScriptBuildPhase;
			buildActionMask = 2147483647;
			files = (
			);
			inputFileListPaths = (
				"${PODS_ROOT}/Target Support Files/Pods-iOS Application Task/Pods-iOS Application Task-frameworks-${CONFIGURATION}-input-files.xcfilelist",
			);
			name = "[CP] Embed Pods Frameworks";
			outputFileListPaths = (
				"${PODS_ROOT}/Target Support Files/Pods-iOS Application Task/Pods-iOS Application Task-frameworks-${CONFIGURATION}-output-files.xcfilelist",
			);
			runOnlyForDeploymentPostprocessing = 0;
			shellPath = /bin/sh;
			shellScript = "\"${PODS_ROOT}/Target Support Files/Pods-iOS Application Task/Pods-iOS Application Task-frameworks.sh\"\n";
			showEnvVarsInLog = 0;
		};
		1FFD56E5BB68B88704391C20 /* [CP] Check Pods Manifest.lock */ = {
			isa = PBXShellScriptBuildPhase;
			buildActionMask = 2147483647;
			files = (
			);
			inputFileListPaths = (
			);
			inputPaths = (
				"${PODS_PODFILE_DIR_PATH}/Podfile.lock",
				"${PODS_ROOT}/Manifest.lock",
			);
			name = "[CP] Check Pods Manifest.lock";
			outputFileListPaths = (
			);
			outputPaths = (
				"$(DERIVED_FILE_DIR)/Pods-iOS Application Task-checkManifestLockResult.txt",
			);
			runOnlyForDeploymentPostprocessing = 0;
			shellPath = /bin/sh;
			shellScript = "diff \"${PODS_PODFILE_DIR_PATH}/Podfile.lock\" \"${PODS_ROOT}/Manifest.lock\" > /dev/null\nif [ $? != 0 ] ; then\n    # print error to STDERR\n    echo \"error: The sandbox is not in sync with the Podfile.lock. Run 'pod install' or update your CocoaPods installation.\" >&2\n    exit 1\nfi\n# This output is used by Xcode 'outputs' to avoid re-running this script phase.\necho \"SUCCESS\" > \"${SCRIPT_OUTPUT_FILE_0}\"\n";
			showEnvVarsInLog = 0;
		};
/* End PBXShellScriptBuildPhase section */

/* Begin PBXSourcesBuildPhase section */
		FAB372182D065C9E0090B1F5 /* Sources */ = {
			isa = PBXSourcesBuildPhase;
			buildActionMask = 2147483647;
			files = (
				FAB372492D066B140090B1F5 /* ProductsModel.swift in Sources */,
				FAB372242D065C9E0090B1F5 /* ViewController.swift in Sources */,
				FAB3724D2D0672530090B1F5 /* DataStatsProductsViewModel.swift in Sources */,
				FAB372202D065C9E0090B1F5 /* AppDelegate.swift in Sources */,
				FAB372472D0668FB0090B1F5 /* ViewController+CollectionView+EX.swift in Sources */,
				FAB372222D065C9E0090B1F5 /* SceneDelegate.swift in Sources */,
				FAB372522D0683CF0090B1F5 /* UIImageView.swift in Sources */,
				FA0107952D07DA150089023F /* HomeDetailsViewController+CollectionView+EX.swift in Sources */,
				FAB3724B2D066F200090B1F5 /* ProductsRequest.swift in Sources */,
				FA0107932D07B6900089023F /* HomeDetailsViewController.swift in Sources */,
				FA0107992D07DE690089023F /* SizeCell.swift in Sources */,
				FAB372412D065E440090B1F5 /* URLs.swift in Sources */,
				FAB3724F2D0675A20090B1F5 /* ProductsViewModel.swift in Sources */,
				FAB372452D06635B0090B1F5 /* ProductsCell.swift in Sources */,
			);
			runOnlyForDeploymentPostprocessing = 0;
		};
/* End PBXSourcesBuildPhase section */

/* Begin PBXVariantGroup section */
		FAB372252D065C9E0090B1F5 /* Main.storyboard */ = {
			isa = PBXVariantGroup;
			children = (
				FAB372262D065C9E0090B1F5 /* Base */,
			);
			name = Main.storyboard;
			sourceTree = "<group>";
		};
		FAB3722A2D065C9F0090B1F5 /* LaunchScreen.storyboard */ = {
			isa = PBXVariantGroup;
			children = (
				FAB3722B2D065C9F0090B1F5 /* Base */,
			);
			name = LaunchScreen.storyboard;
			sourceTree = "<group>";
		};
/* End PBXVariantGroup section */

/* Begin XCBuildConfiguration section */
		FAB3722E2D065C9F0090B1F5 /* Debug */ = {
			isa = XCBuildConfiguration;
			buildSettings = {
				ALWAYS_SEARCH_USER_PATHS = NO;
				ASSETCATALOG_COMPILER_GENERATE_SWIFT_ASSET_SYMBOL_EXTENSIONS = YES;
				CLANG_ANALYZER_NONNULL = YES;
				CLANG_ANALYZER_NUMBER_OBJECT_CONVERSION = YES_AGGRESSIVE;
				CLANG_CXX_LANGUAGE_STANDARD = "gnu++20";
				CLANG_ENABLE_MODULES = YES;
				CLANG_ENABLE_OBJC_ARC = YES;
				CLANG_ENABLE_OBJC_WEAK = YES;
				CLANG_WARN_BLOCK_CAPTURE_AUTORELEASING = YES;
				CLANG_WARN_BOOL_CONVERSION = YES;
				CLANG_WARN_COMMA = YES;
				CLANG_WARN_CONSTANT_CONVERSION = YES;
				CLANG_WARN_DEPRECATED_OBJC_IMPLEMENTATIONS = YES;
				CLANG_WARN_DIRECT_OBJC_ISA_USAGE = YES_ERROR;
				CLANG_WARN_DOCUMENTATION_COMMENTS = YES;
				CLANG_WARN_EMPTY_BODY = YES;
				CLANG_WARN_ENUM_CONVERSION = YES;
				CLANG_WARN_INFINITE_RECURSION = YES;
				CLANG_WARN_INT_CONVERSION = YES;
				CLANG_WARN_NON_LITERAL_NULL_CONVERSION = YES;
				CLANG_WARN_OBJC_IMPLICIT_RETAIN_SELF = YES;
				CLANG_WARN_OBJC_LITERAL_CONVERSION = YES;
				CLANG_WARN_OBJC_ROOT_CLASS = YES_ERROR;
				CLANG_WARN_QUOTED_INCLUDE_IN_FRAMEWORK_HEADER = YES;
				CLANG_WARN_RANGE_LOOP_ANALYSIS = YES;
				CLANG_WARN_STRICT_PROTOTYPES = YES;
				CLANG_WARN_SUSPICIOUS_MOVE = YES;
				CLANG_WARN_UNGUARDED_AVAILABILITY = YES_AGGRESSIVE;
				CLANG_WARN_UNREACHABLE_CODE = YES;
				CLANG_WARN__DUPLICATE_METHOD_MATCH = YES;
				COPY_PHASE_STRIP = NO;
				DEBUG_INFORMATION_FORMAT = dwarf;
				ENABLE_STRICT_OBJC_MSGSEND = YES;
				ENABLE_TESTABILITY = YES;
				ENABLE_USER_SCRIPT_SANDBOXING = NO;
				GCC_C_LANGUAGE_STANDARD = gnu17;
				GCC_DYNAMIC_NO_PIC = NO;
				GCC_NO_COMMON_BLOCKS = YES;
				GCC_OPTIMIZATION_LEVEL = 0;
				GCC_PREPROCESSOR_DEFINITIONS = (
					"DEBUG=1",
					"$(inherited)",
				);
				GCC_WARN_64_TO_32_BIT_CONVERSION = YES;
				GCC_WARN_ABOUT_RETURN_TYPE = YES_ERROR;
				GCC_WARN_UNDECLARED_SELECTOR = YES;
				GCC_WARN_UNINITIALIZED_AUTOS = YES_AGGRESSIVE;
				GCC_WARN_UNUSED_FUNCTION = YES;
				GCC_WARN_UNUSED_VARIABLE = YES;
				IPHONEOS_DEPLOYMENT_TARGET = 17.5;
				LOCALIZATION_PREFERS_STRING_CATALOGS = YES;
				MTL_ENABLE_DEBUG_INFO = INCLUDE_SOURCE;
				MTL_FAST_MATH = YES;
				ONLY_ACTIVE_ARCH = YES;
				SDKROOT = iphoneos;
				SWIFT_ACTIVE_COMPILATION_CONDITIONS = "DEBUG $(inherited)";
				SWIFT_OPTIMIZATION_LEVEL = "-Onone";
			};
			name = Debug;
		};
		FAB3722F2D065C9F0090B1F5 /* Release */ = {
			isa = XCBuildConfiguration;
			buildSettings = {
				ALWAYS_SEARCH_USER_PATHS = NO;
				ASSETCATALOG_COMPILER_GENERATE_SWIFT_ASSET_SYMBOL_EXTENSIONS = YES;
				CLANG_ANALYZER_NONNULL = YES;
				CLANG_ANALYZER_NUMBER_OBJECT_CONVERSION = YES_AGGRESSIVE;
				CLANG_CXX_LANGUAGE_STANDARD = "gnu++20";
				CLANG_ENABLE_MODULES = YES;
				CLANG_ENABLE_OBJC_ARC = YES;
				CLANG_ENABLE_OBJC_WEAK = YES;
				CLANG_WARN_BLOCK_CAPTURE_AUTORELEASING = YES;
				CLANG_WARN_BOOL_CONVERSION = YES;
				CLANG_WARN_COMMA = YES;
				CLANG_WARN_CONSTANT_CONVERSION = YES;
				CLANG_WARN_DEPRECATED_OBJC_IMPLEMENTATIONS = YES;
				CLANG_WARN_DIRECT_OBJC_ISA_USAGE = YES_ERROR;
				CLANG_WARN_DOCUMENTATION_COMMENTS = YES;
				CLANG_WARN_EMPTY_BODY = YES;
				CLANG_WARN_ENUM_CONVERSION = YES;
				CLANG_WARN_INFINITE_RECURSION = YES;
				CLANG_WARN_INT_CONVERSION = YES;
				CLANG_WARN_NON_LITERAL_NULL_CONVERSION = YES;
				CLANG_WARN_OBJC_IMPLICIT_RETAIN_SELF = YES;
				CLANG_WARN_OBJC_LITERAL_CONVERSION = YES;
				CLANG_WARN_OBJC_ROOT_CLASS = YES_ERROR;
				CLANG_WARN_QUOTED_INCLUDE_IN_FRAMEWORK_HEADER = YES;
				CLANG_WARN_RANGE_LOOP_ANALYSIS = YES;
				CLANG_WARN_STRICT_PROTOTYPES = YES;
				CLANG_WARN_SUSPICIOUS_MOVE = YES;
				CLANG_WARN_UNGUARDED_AVAILABILITY = YES_AGGRESSIVE;
				CLANG_WARN_UNREACHABLE_CODE = YES;
				CLANG_WARN__DUPLICATE_METHOD_MATCH = YES;
				COPY_PHASE_STRIP = NO;
				DEBUG_INFORMATION_FORMAT = "dwarf-with-dsym";
				ENABLE_NS_ASSERTIONS = NO;
				ENABLE_STRICT_OBJC_MSGSEND = YES;
				ENABLE_USER_SCRIPT_SANDBOXING = NO;
				GCC_C_LANGUAGE_STANDARD = gnu17;
				GCC_NO_COMMON_BLOCKS = YES;
				GCC_WARN_64_TO_32_BIT_CONVERSION = YES;
				GCC_WARN_ABOUT_RETURN_TYPE = YES_ERROR;
				GCC_WARN_UNDECLARED_SELECTOR = YES;
				GCC_WARN_UNINITIALIZED_AUTOS = YES_AGGRESSIVE;
				GCC_WARN_UNUSED_FUNCTION = YES;
				GCC_WARN_UNUSED_VARIABLE = YES;
				IPHONEOS_DEPLOYMENT_TARGET = 17.5;
				LOCALIZATION_PREFERS_STRING_CATALOGS = YES;
				MTL_ENABLE_DEBUG_INFO = NO;
				MTL_FAST_MATH = YES;
				SDKROOT = iphoneos;
				SWIFT_COMPILATION_MODE = wholemodule;
				VALIDATE_PRODUCT = YES;
			};
			name = Release;
		};
		FAB372312D065C9F0090B1F5 /* Debug */ = {
			isa = XCBuildConfiguration;
			baseConfigurationReference = 19DDDD4307E0E99561BFD28D /* Pods-iOS Application Task.debug.xcconfig */;
			buildSettings = {
				ASSETCATALOG_COMPILER_APPICON_NAME = AppIcon;
				ASSETCATALOG_COMPILER_GLOBAL_ACCENT_COLOR_NAME = AccentColor;
				CODE_SIGN_STYLE = Automatic;
				CURRENT_PROJECT_VERSION = 1;
				GENERATE_INFOPLIST_FILE = YES;
				INFOPLIST_FILE = "iOS Application Task/Info.plist";
				INFOPLIST_KEY_UIApplicationSupportsIndirectInputEvents = YES;
				INFOPLIST_KEY_UILaunchStoryboardName = LaunchScreen;
				INFOPLIST_KEY_UIMainStoryboardFile = Main;
				INFOPLIST_KEY_UISupportedInterfaceOrientations_iPad = "UIInterfaceOrientationPortrait UIInterfaceOrientationPortraitUpsideDown UIInterfaceOrientationLandscapeLeft UIInterfaceOrientationLandscapeRight";
				INFOPLIST_KEY_UISupportedInterfaceOrientations_iPhone = "UIInterfaceOrientationPortrait UIInterfaceOrientationLandscapeLeft UIInterfaceOrientationLandscapeRight";
				IPHONEOS_DEPLOYMENT_TARGET = 15.0;
				LD_RUNPATH_SEARCH_PATHS = (
					"$(inherited)",
					"@executable_path/Frameworks",
				);
				MARKETING_VERSION = 1.0;
				PRODUCT_BUNDLE_IDENTIFIER = "com.alalmiya.alhura.iOS-Application-Task";
				PRODUCT_NAME = "$(TARGET_NAME)";
				SWIFT_EMIT_LOC_STRINGS = YES;
				SWIFT_VERSION = 5.0;
				TARGETED_DEVICE_FAMILY = "1,2";
			};
			name = Debug;
		};
		FAB372322D065C9F0090B1F5 /* Release */ = {
			isa = XCBuildConfiguration;
			baseConfigurationReference = 37ED22A01F1AE235FDA54278 /* Pods-iOS Application Task.release.xcconfig */;
			buildSettings = {
				ASSETCATALOG_COMPILER_APPICON_NAME = AppIcon;
				ASSETCATALOG_COMPILER_GLOBAL_ACCENT_COLOR_NAME = AccentColor;
				CODE_SIGN_STYLE = Automatic;
				CURRENT_PROJECT_VERSION = 1;
				GENERATE_INFOPLIST_FILE = YES;
				INFOPLIST_FILE = "iOS Application Task/Info.plist";
				INFOPLIST_KEY_UIApplicationSupportsIndirectInputEvents = YES;
				INFOPLIST_KEY_UILaunchStoryboardName = LaunchScreen;
				INFOPLIST_KEY_UIMainStoryboardFile = Main;
				INFOPLIST_KEY_UISupportedInterfaceOrientations_iPad = "UIInterfaceOrientationPortrait UIInterfaceOrientationPortraitUpsideDown UIInterfaceOrientationLandscapeLeft UIInterfaceOrientationLandscapeRight";
				INFOPLIST_KEY_UISupportedInterfaceOrientations_iPhone = "UIInterfaceOrientationPortrait UIInterfaceOrientationLandscapeLeft UIInterfaceOrientationLandscapeRight";
				IPHONEOS_DEPLOYMENT_TARGET = 15.0;
				LD_RUNPATH_SEARCH_PATHS = (
					"$(inherited)",
					"@executable_path/Frameworks",
				);
				MARKETING_VERSION = 1.0;
				PRODUCT_BUNDLE_IDENTIFIER = "com.alalmiya.alhura.iOS-Application-Task";
				PRODUCT_NAME = "$(TARGET_NAME)";
				SWIFT_EMIT_LOC_STRINGS = YES;
				SWIFT_VERSION = 5.0;
				TARGETED_DEVICE_FAMILY = "1,2";
			};
			name = Release;
		};
/* End XCBuildConfiguration section */

/* Begin XCConfigurationList section */
		FAB372172D065C9E0090B1F5 /* Build configuration list for PBXProject "iOS Application Task" */ = {
			isa = XCConfigurationList;
			buildConfigurations = (
				FAB3722E2D065C9F0090B1F5 /* Debug */,
				FAB3722F2D065C9F0090B1F5 /* Release */,
			);
			defaultConfigurationIsVisible = 0;
			defaultConfigurationName = Release;
		};
		FAB372302D065C9F0090B1F5 /* Build configuration list for PBXNativeTarget "iOS Application Task" */ = {
			isa = XCConfigurationList;
			buildConfigurations = (
				FAB372312D065C9F0090B1F5 /* Debug */,
				FAB372322D065C9F0090B1F5 /* Release */,
			);
			defaultConfigurationIsVisible = 0;
			defaultConfigurationName = Release;
		};
/* End XCConfigurationList section */
	};
	rootObject = FAB372142D065C9E0090B1F5 /* Project object */;
}
